
Microsoft Visual Studio Solution File, Format Version 12.00
# Visual Studio Version 17
VisualStudioVersion = 17.11.35222.181
MinimumVisualStudioVersion = 10.0.40219.1
Project("{FAE04EC0-301F-11D3-BF4B-00C04F79EFBC}") = "Suma", "Suma\Suma.csproj", "{40769619-C830-4633-A6F5-31077C31D635}"
EndProject
Global
	GlobalSection(SolutionConfigurationPlatforms) = preSolution
		Debug|Any CPU = Debug|Any CPU
		Release|Any CPU = Release|Any CPU
	EndGlobalSection
	GlobalSection(ProjectConfigurationPlatforms) = postSolution
		{40769619-C830-4633-A6F5-31077C31D635}.Debug|Any CPU.ActiveCfg = Debug|Any CPU
		{40769619-C830-4633-A6F5-31077C31D635}.Debug|Any CPU.Build.0 = Debug|Any CPU
		{40769619-C830-4633-A6F5-31077C31D635}.Release|Any CPU.ActiveCfg = Release|Any CPU
		{40769619-C830-4633-A6F5-31077C31D635}.Release|Any CPU.Build.0 = Release|Any CPU
	EndGlobalSection
	GlobalSection(SolutionProperties) = preSolution
		HideSolutionNode = FALSE
	EndGlobalSection
	GlobalSection(ExtensibilityGlobals) = postSolution
		SolutionGuid = {BF1C9DC6-CBD1-4CBB-8AA9-3D0D0E161E67}
	EndGlobalSection
EndGlobal
